// !$*UTF8*$!
{
	archiveVersion = 1;
	classes = {
	};
	objectVersion = 50;
	objects = {

/* Begin PBXBuildFile section */
		A125EB3326DA527000EAA481 /* Question.swift in Sources */ = {isa = PBXBuildFile; fileRef = A125EB3226DA527000EAA481 /* Question.swift */; };
		A1D8E32826D812DB00B6C541 /* AppDelegate.swift in Sources */ = {isa = PBXBuildFile; fileRef = A1D8E32726D812DB00B6C541 /* AppDelegate.swift */; };
		A1D8E32A26D812DB00B6C541 /* SceneDelegate.swift in Sources */ = {isa = PBXBuildFile; fileRef = A1D8E32926D812DB00B6C541 /* SceneDelegate.swift */; };
		A1D8E32C26D812DB00B6C541 /* ViewController.swift in Sources */ = {isa = PBXBuildFile; fileRef = A1D8E32B26D812DB00B6C541 /* ViewController.swift */; };
		A1D8E32F26D812DB00B6C541 /* Main.storyboard in Resources */ = {isa = PBXBuildFile; fileRef = A1D8E32D26D812DB00B6C541 /* Main.storyboard */; };
		A1D8E33126D812DC00B6C541 /* Assets.xcassets in Resources */ = {isa = PBXBuildFile; fileRef = A1D8E33026D812DC00B6C541 /* Assets.xcassets */; };
		A1D8E33426D812DC00B6C541 /* LaunchScreen.storyboard in Resources */ = {isa = PBXBuildFile; fileRef = A1D8E33226D812DC00B6C541 /* LaunchScreen.storyboard */; };
/* End PBXBuildFile section */

/* Begin PBXFileReference section */
		A125EB3226DA527000EAA481 /* Question.swift */ = {isa = PBXFileReference; lastKnownFileType = sourcecode.swift; path = Question.swift; sourceTree = "<group>"; };
		A1D8E32426D812DB00B6C541 /* leson2.4.app */ = {isa = PBXFileReference; explicitFileType = wrapper.application; includeInIndex = 0; path = leson2.4.app; sourceTree = BUILT_PRODUCTS_DIR; };
		A1D8E32726D812DB00B6C541 /* AppDelegate.swift */ = {isa = PBXFileReference; lastKnownFileType = sourcecode.swift; path = AppDelegate.swift; sourceTree = "<group>"; };
		A1D8E32926D812DB00B6C541 /* SceneDelegate.swift */ = {isa = PBXFileReference; lastKnownFileType = sourcecode.swift; path = SceneDelegate.swift; sourceTree = "<group>"; };
		A1D8E32B26D812DB00B6C541 /* ViewController.swift */ = {isa = PBXFileReference; lastKnownFileType = sourcecode.swift; path = ViewController.swift; sourceTree = "<group>"; };
		A1D8E32E26D812DB00B6C541 /* Base */ = {isa = PBXFileReference; lastKnownFileType = file.storyboard; name = Base; path = Base.lproj/Main.storyboard; sourceTree = "<group>"; };
		A1D8E33026D812DC00B6C541 /* Assets.xcassets */ = {isa = PBXFileReference; lastKnownFileType = folder.assetcatalog; path = Assets.xcassets; sourceTree = "<group>"; };
		A1D8E33326D812DC00B6C541 /* Base */ = {isa = PBXFileReference; lastKnownFileType = file.storyboard; name = Base; path = Base.lproj/LaunchScreen.storyboard; sourceTree = "<group>"; };
		A1D8E33526D812DC00B6C541 /* Info.plist */ = {isa = PBXFileReference; lastKnownFileType = text.plist.xml; path = Info.plist; sourceTree = "<group>"; };
/* End PBXFileReference section */

/* Begin PBXFrameworksBuildPhase section */
		A1D8E32126D812DB00B6C541 /* Frameworks */ = {
			isa = PBXFrameworksBuildPhase;
			buildActionMask = 2147483647;
			files = (
			);
			runOnlyForDeploymentPostprocessing = 0;
		};
/* End PBXFrameworksBuildPhase section */

/* Begin PBXGroup section */
		A125EB2D26DA4F4D00EAA481 /* ViewControllers */ = {
			isa = PBXGroup;
			children = (
				A1D8E32B26D812DB00B6C541 /* ViewController.swift */,
				A125EB3226DA527000EAA481 /* Question.swift */,
			);
			path = ViewControllers;
			sourceTree = "<group>";
		};
		A125EB2E26DA4F6700EAA481 /* StoryBoards */ = {
			isa = PBXGroup;
			children = (
				A1D8E32D26D812DB00B6C541 /* Main.storyboard */,
				A1D8E33226D812DC00B6C541 /* LaunchScreen.storyboard */,
			);
			path = StoryBoards;
			sourceTree = "<group>";
		};
		A125EB2F26DA4F9B00EAA481 /* Resorces */ = {
			isa = PBXGroup;
			children = (
				A1D8E33026D812DC00B6C541 /* Assets.xcassets */,
			);
			path = Resorces;
			sourceTree = "<group>";
		};
		A125EB3026DA4FC600EAA481 /* App */ = {
			isa = PBXGroup;
			children = (
				A1D8E32726D812DB00B6C541 /* AppDelegate.swift */,
				A1D8E32926D812DB00B6C541 /* SceneDelegate.swift */,
				A1D8E33526D812DC00B6C541 /* Info.plist */,
			);
			path = App;
			sourceTree = "<group>";
		};
		A125EB3126DA506E00EAA481 /* Models */ = {
			isa = PBXGroup;
			children = (
			);
			path = Models;
			sourceTree = "<group>";
		};
		A1D8E31B26D812DB00B6C541 = {
			isa = PBXGroup;
			children = (
				A1D8E32626D812DB00B6C541 /* leson2.4 */,
				A1D8E32526D812DB00B6C541 /* Products */,
			);
			sourceTree = "<group>";
		};
		A1D8E32526D812DB00B6C541 /* Products */ = {
			isa = PBXGroup;
			children = (
				A1D8E32426D812DB00B6C541 /* leson2.4.app */,
			);
			name = Products;
			sourceTree = "<group>";
		};
		A1D8E32626D812DB00B6C541 /* leson2.4 */ = {
			isa = PBXGroup;
			children = (
				A125EB2D26DA4F4D00EAA481 /* ViewControllers */,
				A125EB3126DA506E00EAA481 /* Models */,
				A125EB2E26DA4F6700EAA481 /* StoryBoards */,
				A125EB3026DA4FC600EAA481 /* App */,
				A125EB2F26DA4F9B00EAA481 /* Resorces */,
			);
			path = leson2.4;
			sourceTree = "<group>";
		};
/* End PBXGroup section */

/* Begin PBXNativeTarget section */
		A1D8E32326D812DB00B6C541 /* leson2.4 */ = {
			isa = PBXNativeTarget;
			buildConfigurationList = A1D8E33826D812DC00B6C541 /* Build configuration list for PBXNativeTarget "leson2.4" */;
			buildPhases = (
				A1D8E32026D812DB00B6C541 /* Sources */,
				A1D8E32126D812DB00B6C541 /* Frameworks */,
				A1D8E32226D812DB00B6C541 /* Resources */,
			);
			buildRules = (
			);
			dependencies = (
			);
			name = leson2.4;
			productName = leson2.4;
			productReference = A1D8E32426D812DB00B6C541 /* leson2.4.app */;
			productType = "com.apple.product-type.application";
		};
/* End PBXNativeTarget section */

/* Begin PBXProject section */
		A1D8E31C26D812DB00B6C541 /* Project object */ = {
			isa = PBXProject;
			attributes = {
				LastSwiftUpdateCheck = 1250;
				LastUpgradeCheck = 1250;
				TargetAttributes = {
					A1D8E32326D812DB00B6C541 = {
						CreatedOnToolsVersion = 12.5.1;
					};
				};
			};
			buildConfigurationList = A1D8E31F26D812DB00B6C541 /* Build configuration list for PBXProject "leson2.4" */;
			compatibilityVersion = "Xcode 9.3";
			developmentRegion = en;
			hasScannedForEncodings = 0;
			knownRegions = (
				en,
				Base,
			);
			mainGroup = A1D8E31B26D812DB00B6C541;
			productRefGroup = A1D8E32526D812DB00B6C541 /* Products */;
			projectDirPath = "";
			projectRoot = "";
			targets = (
				A1D8E32326D812DB00B6C541 /* leson2.4 */,
			);
		};
/* End PBXProject section */

/* Begin PBXResourcesBuildPhase section */
		A1D8E32226D812DB00B6C541 /* Resources */ = {
			isa = PBXResourcesBuildPhase;
			buildActionMask = 2147483647;
			files = (
				A1D8E33426D812DC00B6C541 /* LaunchScreen.storyboard in Resources */,
				A1D8E33126D812DC00B6C541 /* Assets.xcassets in Resources */,
				A1D8E32F26D812DB00B6C541 /* Main.storyboard in Resources */,
			);
			runOnlyForDeploymentPostprocessing = 0;
		};
/* End PBXResourcesBuildPhase section */

/* Begin PBXSourcesBuildPhase section */
		A1D8E32026D812DB00B6C541 /* Sources */ = {
			isa = PBXSourcesBuildPhase;
			buildActionMask = 2147483647;
			files = (
				A1D8E32C26D812DB00B6C541 /* ViewController.swift in Sources */,
				A125EB3326DA527000EAA481 /* Question.swift in Sources */,
				A1D8E32826D812DB00B6C541 /* AppDelegate.swift in Sources */,
				A1D8E32A26D812DB00B6C541 /* SceneDelegate.swift in Sources */,
			);
			runOnlyForDeploymentPostprocessing = 0;
		};
/* End PBXSourcesBuildPhase section */

/* Begin PBXVariantGroup section */
		A1D8E32D26D812DB00B6C541 /* Main.storyboard */ = {
			isa = PBXVariantGroup;
			children = (
				A1D8E32E26D812DB00B6C541 /* Base */,
			);
			name = Main.storyboard;
			sourceTree = "<group>";
		};
		A1D8E33226D812DC00B6C541 /* LaunchScreen.storyboard */ = {
			isa = PBXVariantGroup;
			children = (
				A1D8E33326D812DC00B6C541 /* Base */,
			);
			name = LaunchScreen.storyboard;
			sourceTree = "<group>";
		};
/* End PBXVariantGroup section */

/* Begin XCBuildConfiguration section */
		A1D8E33626D812DC00B6C541 /* Debug */ = {
			isa = XCBuildConfiguration;
			buildSettings = {
				ALWAYS_SEARCH_USER_PATHS = NO;
				CLANG_ANALYZER_NONNULL = YES;
				CLANG_ANALYZER_NUMBER_OBJECT_CONVERSION = YES_AGGRESSIVE;
				CLANG_CXX_LANGUAGE_STANDARD = "gnu++14";
				CLANG_CXX_LIBRARY = "libc++";
				CLANG_ENABLE_MODULES = YES;
				CLANG_ENABLE_OBJC_ARC = YES;
				CLANG_ENABLE_OBJC_WEAK = YES;
				CLANG_WARN_BLOCK_CAPTURE_AUTORELEASING = YES;
				CLANG_WARN_BOOL_CONVERSION = YES;
				CLANG_WARN_COMMA = YES;
				CLANG_WARN_CONSTANT_CONVERSION = YES;
				CLANG_WARN_DEPRECATED_OBJC_IMPLEMENTATIONS = YES;
				CLANG_WARN_DIRECT_OBJC_ISA_USAGE = YES_ERROR;
				CLANG_WARN_DOCUMENTATION_COMMENTS = YES;
				CLANG_WARN_EMPTY_BODY = YES;
				CLANG_WARN_ENUM_CONVERSION = YES;
				CLANG_WARN_INFINITE_RECURSION = YES;
				CLANG_WARN_INT_CONVERSION = YES;
				CLANG_WARN_NON_LITERAL_NULL_CONVERSION = YES;
				CLANG_WARN_OBJC_IMPLICIT_RETAIN_SELF = YES;
				CLANG_WARN_OBJC_LITERAL_CONVERSION = YES;
				CLANG_WARN_OBJC_ROOT_CLASS = YES_ERROR;
				CLANG_WARN_QUOTED_INCLUDE_IN_FRAMEWORK_HEADER = YES;
				CLANG_WARN_RANGE_LOOP_ANALYSIS = YES;
				CLANG_WARN_STRICT_PROTOTYPES = YES;
				CLANG_WARN_SUSPICIOUS_MOVE = YES;
				CLANG_WARN_UNGUARDED_AVAILABILITY = YES_AGGRESSIVE;
				CLANG_WARN_UNREACHABLE_CODE = YES;
				CLANG_WARN__DUPLICATE_METHOD_MATCH = YES;
				COPY_PHASE_STRIP = NO;
				DEBUG_INFORMATION_FORMAT = dwarf;
				ENABLE_STRICT_OBJC_MSGSEND = YES;
				ENABLE_TESTABILITY = YES;
				GCC_C_LANGUAGE_STANDARD = gnu11;
				GCC_DYNAMIC_NO_PIC = NO;
				GCC_NO_COMMON_BLOCKS = YES;
				GCC_OPTIMIZATION_LEVEL = 0;
				GCC_PREPROCESSOR_DEFINITIONS = (
					"DEBUG=1",
					"$(inherited)",
				);
				GCC_WARN_64_TO_32_BIT_CONVERSION = YES;
				GCC_WARN_ABOUT_RETURN_TYPE = YES_ERROR;
				GCC_WARN_UNDECLARED_SELECTOR = YES;
				GCC_WARN_UNINITIALIZED_AUTOS = YES_AGGRESSIVE;
				GCC_WARN_UNUSED_FUNCTION = YES;
				GCC_WARN_UNUSED_VARIABLE = YES;
				IPHONEOS_DEPLOYMENT_TARGET = 14.5;
				MTL_ENABLE_DEBUG_INFO = INCLUDE_SOURCE;
				MTL_FAST_MATH = YES;
				ONLY_ACTIVE_ARCH = YES;
				SDKROOT = iphoneos;
				SWIFT_ACTIVE_COMPILATION_CONDITIONS = DEBUG;
				SWIFT_OPTIMIZATION_LEVEL = "-Onone";
			};
			name = Debug;
		};
		A1D8E33726D812DC00B6C541 /* Release */ = {
			isa = XCBuildConfiguration;
			buildSettings = {
				ALWAYS_SEARCH_USER_PATHS = NO;
				CLANG_ANALYZER_NONNULL = YES;
				CLANG_ANALYZER_NUMBER_OBJECT_CONVERSION = YES_AGGRESSIVE;
				CLANG_CXX_LANGUAGE_STANDARD = "gnu++14";
				CLANG_CXX_LIBRARY = "libc++";
				CLANG_ENABLE_MODULES = YES;
				CLANG_ENABLE_OBJC_ARC = YES;
				CLANG_ENABLE_OBJC_WEAK = YES;
				CLANG_WARN_BLOCK_CAPTURE_AUTORELEASING = YES;
				CLANG_WARN_BOOL_CONVERSION = YES;
				CLANG_WARN_COMMA = YES;
				CLANG_WARN_CONSTANT_CONVERSION = YES;
				CLANG_WARN_DEPRECATED_OBJC_IMPLEMENTATIONS = YES;
				CLANG_WARN_DIRECT_OBJC_ISA_USAGE = YES_ERROR;
				CLANG_WARN_DOCUMENTATION_COMMENTS = YES;
				CLANG_WARN_EMPTY_BODY = YES;
				CLANG_WARN_ENUM_CONVERSION = YES;
				CLANG_WARN_INFINITE_RECURSION = YES;
				CLANG_WARN_INT_CONVERSION = YES;
				CLANG_WARN_NON_LITERAL_NULL_CONVERSION = YES;
				CLANG_WARN_OBJC_IMPLICIT_RETAIN_SELF = YES;
				CLANG_WARN_OBJC_LITERAL_CONVERSION = YES;
				CLANG_WARN_OBJC_ROOT_CLASS = YES_ERROR;
				CLANG_WARN_QUOTED_INCLUDE_IN_FRAMEWORK_HEADER = YES;
				CLANG_WARN_RANGE_LOOP_ANALYSIS = YES;
				CLANG_WARN_STRICT_PROTOTYPES = YES;
				CLANG_WARN_SUSPICIOUS_MOVE = YES;
				CLANG_WARN_UNGUARDED_AVAILABILITY = YES_AGGRESSIVE;
				CLANG_WARN_UNREACHABLE_CODE = YES;
				CLANG_WARN__DUPLICATE_METHOD_MATCH = YES;
				COPY_PHASE_STRIP = NO;
				DEBUG_INFORMATION_FORMAT = "dwarf-with-dsym";
				ENABLE_NS_ASSERTIONS = NO;
				ENABLE_STRICT_OBJC_MSGSEND = YES;
				GCC_C_LANGUAGE_STANDARD = gnu11;
				GCC_NO_COMMON_BLOCKS = YES;
				GCC_WARN_64_TO_32_BIT_CONVERSION = YES;
				GCC_WARN_ABOUT_RETURN_TYPE = YES_ERROR;
				GCC_WARN_UNDECLARED_SELECTOR = YES;
				GCC_WARN_UNINITIALIZED_AUTOS = YES_AGGRESSIVE;
				GCC_WARN_UNUSED_FUNCTION = YES;
				GCC_WARN_UNUSED_VARIABLE = YES;
				IPHONEOS_DEPLOYMENT_TARGET = 14.5;
				MTL_ENABLE_DEBUG_INFO = NO;
				MTL_FAST_MATH = YES;
				SDKROOT = iphoneos;
				SWIFT_COMPILATION_MODE = wholemodule;
				SWIFT_OPTIMIZATION_LEVEL = "-O";
				VALIDATE_PRODUCT = YES;
			};
			name = Release;
		};
		A1D8E33926D812DC00B6C541 /* Debug */ = {
			isa = XCBuildConfiguration;
			buildSettings = {
				ASSETCATALOG_COMPILER_APPICON_NAME = AppIcon;
				ASSETCATALOG_COMPILER_GLOBAL_ACCENT_COLOR_NAME = AccentColor;
				CODE_SIGN_STYLE = Automatic;
				DEVELOPMENT_TEAM = HDWNKQ472C;
				INFOPLIST_FILE = leson2.4/App/Info.plist;
				LD_RUNPATH_SEARCH_PATHS = (
					"$(inherited)",
					"@executable_path/Frameworks",
				);
				PRODUCT_BUNDLE_IDENTIFIER = "Nikita12G.leson2-4";
				PRODUCT_NAME = "$(TARGET_NAME)";
				SWIFT_VERSION = 5.0;
				TARGETED_DEVICE_FAMILY = "1,2";
			};
			name = Debug;
		};
		A1D8E33A26D812DC00B6C541 /* Release */ = {
			isa = XCBuildConfiguration;
			buildSettings = {
				ASSETCATALOG_COMPILER_APPICON_NAME = AppIcon;
				ASSETCATALOG_COMPILER_GLOBAL_ACCENT_COLOR_NAME = AccentColor;
				CODE_SIGN_STYLE = Automatic;
				DEVELOPMENT_TEAM = HDWNKQ472C;
				INFOPLIST_FILE = leson2.4/App/Info.plist;
				LD_RUNPATH_SEARCH_PATHS = (
					"$(inherited)",
					"@executable_path/Frameworks",
				);
				PRODUCT_BUNDLE_IDENTIFIER = "Nikita12G.leson2-4";
				PRODUCT_NAME = "$(TARGET_NAME)";
				SWIFT_VERSION = 5.0;
				TARGETED_DEVICE_FAMILY = "1,2";
			};
			name = Release;
		};
/* End XCBuildConfiguration section */

/* Begin XCConfigurationList section */
		A1D8E31F26D812DB00B6C541 /* Build configuration list for PBXProject "leson2.4" */ = {
			isa = XCConfigurationList;
			buildConfigurations = (
				A1D8E33626D812DC00B6C541 /* Debug */,
				A1D8E33726D812DC00B6C541 /* Release */,
			);
			defaultConfigurationIsVisible = 0;
			defaultConfigurationName = Release;
		};
		A1D8E33826D812DC00B6C541 /* Build configuration list for PBXNativeTarget "leson2.4" */ = {
			isa = XCConfigurationList;
			buildConfigurations = (
				A1D8E33926D812DC00B6C541 /* Debug */,
				A1D8E33A26D812DC00B6C541 /* Release */,
			);
			defaultConfigurationIsVisible = 0;
			defaultConfigurationName = Release;
		};
/* End XCConfigurationList section */
	};
	rootObject = A1D8E31C26D812DB00B6C541 /* Project object */;
}
